
Microsoft Visual Studio Solution File, Format Version 12.00
# Visual Studio Version 16
VisualStudioVersion = 16.0.30804.86
MinimumVisualStudioVersion = 10.0.40219.1
Project("{9A19103F-16F7-4668-BE54-9A1E7A4F7556}") = "Falcon.StoredProcedureRunner", "Falcon.StoredProcedureRunner\Falcon.StoredProcedureRunner.csproj", "{13D3139B-60C2-4785-ADCB-4F839BDEC3C4}"
EndProject
Project("{FAE04EC0-301F-11D3-BF4B-00C04F79EFBC}") = "Faclon.StoredProcedureRunner.Example", "Faclon.StoredProcedureRunner.Example\Faclon.StoredProcedureRunner.Example.csproj", "{40610016-0C9C-462D-B352-49D6C33DA5FC}"
EndProject
Global
	GlobalSection(SolutionConfigurationPlatforms) = preSolution
		Debug|Any CPU = Debug|Any CPU
		Release|Any CPU = Release|Any CPU
	EndGlobalSection
	GlobalSection(ProjectConfigurationPlatforms) = postSolution
		{13D3139B-60C2-4785-ADCB-4F839BDEC3C4}.Debug|Any CPU.ActiveCfg = Debug|Any CPU
		{13D3139B-60C2-4785-ADCB-4F839BDEC3C4}.Debug|Any CPU.Build.0 = Debug|Any CPU
		{13D3139B-60C2-4785-ADCB-4F839BDEC3C4}.Release|Any CPU.ActiveCfg = Release|Any CPU
		{13D3139B-60C2-4785-ADCB-4F839BDEC3C4}.Release|Any CPU.Build.0 = Release|Any CPU
		{40610016-0C9C-462D-B352-49D6C33DA5FC}.Debug|Any CPU.ActiveCfg = Debug|Any CPU
		{40610016-0C9C-462D-B352-49D6C33DA5FC}.Debug|Any CPU.Build.0 = Debug|Any CPU
		{40610016-0C9C-462D-B352-49D6C33DA5FC}.Release|Any CPU.ActiveCfg = Release|Any CPU
		{40610016-0C9C-462D-B352-49D6C33DA5FC}.Release|Any CPU.Build.0 = Release|Any CPU
	EndGlobalSection
	GlobalSection(SolutionProperties) = preSolution
		HideSolutionNode = FALSE
	EndGlobalSection
	GlobalSection(ExtensibilityGlobals) = postSolution
		SolutionGuid = {7ECD6C47-0547-4FB7-A481-829D28302EFD}
	EndGlobalSection
EndGlobal
